
Microsoft Visual Studio Solution File, Format Version 12.00
# Visual Studio Version 17
VisualStudioVersion = 17.14.36121.58 d17.14
MinimumVisualStudioVersion = 10.0.40219.1
Project("{FAE04EC0-301F-11D3-BF4B-00C04F79EFBC}") = "Pocztowka", "Pocztowka\Pocztowka.csproj", "{8CDCEC76-42D2-4263-B19A-233AA4F9613B}"
EndProject
Global
	GlobalSection(SolutionConfigurationPlatforms) = preSolution
		Debug|Any CPU = Debug|Any CPU
		Release|Any CPU = Release|Any CPU
	EndGlobalSection
	GlobalSection(ProjectConfigurationPlatforms) = postSolution
		{8CDCEC76-42D2-4263-B19A-233AA4F9613B}.Debug|Any CPU.ActiveCfg = Debug|Any CPU
		{8CDCEC76-42D2-4263-B19A-233AA4F9613B}.Debug|Any CPU.Build.0 = Debug|Any CPU
		{8CDCEC76-42D2-4263-B19A-233AA4F9613B}.Release|Any CPU.ActiveCfg = Release|Any CPU
		{8CDCEC76-42D2-4263-B19A-233AA4F9613B}.Release|Any CPU.Build.0 = Release|Any CPU
	EndGlobalSection
	GlobalSection(SolutionProperties) = preSolution
		HideSolutionNode = FALSE
	EndGlobalSection
	GlobalSection(ExtensibilityGlobals) = postSolution
		SolutionGuid = {9AA8F1CE-6B1C-4852-9347-58BCE02B0593}
	EndGlobalSection
EndGlobal
