
Microsoft Visual Studio Solution File, Format Version 12.00
# Visual Studio Version 17
VisualStudioVersion = 17.14.36109.1 d17.14
MinimumVisualStudioVersion = 10.0.40219.1
Project("{FAE04EC0-301F-11D3-BF4B-00C04F79EFBC}") = "HoverTime", "HoverTime\HoverTime.csproj", "{3DE5AFA6-2407-4FF9-95CA-854C56E4B563}"
EndProject
Global
	GlobalSection(SolutionConfigurationPlatforms) = preSolution
		Debug|Any CPU = Debug|Any CPU
		Release|Any CPU = Release|Any CPU
	EndGlobalSection
	GlobalSection(ProjectConfigurationPlatforms) = postSolution
		{3DE5AFA6-2407-4FF9-95CA-854C56E4B563}.Debug|Any CPU.ActiveCfg = Debug|Any CPU
		{3DE5AFA6-2407-4FF9-95CA-854C56E4B563}.Debug|Any CPU.Build.0 = Debug|Any CPU
		{3DE5AFA6-2407-4FF9-95CA-854C56E4B563}.Release|Any CPU.ActiveCfg = Release|Any CPU
		{3DE5AFA6-2407-4FF9-95CA-854C56E4B563}.Release|Any CPU.Build.0 = Release|Any CPU
	EndGlobalSection
	GlobalSection(SolutionProperties) = preSolution
		HideSolutionNode = FALSE
	EndGlobalSection
	GlobalSection(ExtensibilityGlobals) = postSolution
		SolutionGuid = {6A79B7D0-7B77-41C6-8093-855E4D53CA16}
	EndGlobalSection
EndGlobal
